
Microsoft Visual Studio Solution File, Format Version 12.00
# Visual Studio 2013
VisualStudioVersion = 12.0.31101.0
MinimumVisualStudioVersion = 10.0.40219.1
Project("{FAE04EC0-301F-11D3-BF4B-00C04F79EFBC}") = "Binary Search Tree", "Binary Search Tree\Binary Search Tree.csproj", "{438ADB7D-DB73-4EC6-9E5E-C7E413A96F75}"
EndProject
Project("{FAE04EC0-301F-11D3-BF4B-00C04F79EFBC}") = "Binary Search Tree Tests", "Binary Search Tree Tests\Binary Search Tree Tests.csproj", "{E2601760-C7AC-46E3-A42B-1EE44A34723B}"
EndProject
Global
	GlobalSection(SolutionConfigurationPlatforms) = preSolution
		Debug|Any CPU = Debug|Any CPU
		Release|Any CPU = Release|Any CPU
	EndGlobalSection
	GlobalSection(ProjectConfigurationPlatforms) = postSolution
		{438ADB7D-DB73-4EC6-9E5E-C7E413A96F75}.Debug|Any CPU.ActiveCfg = Debug|Any CPU
		{438ADB7D-DB73-4EC6-9E5E-C7E413A96F75}.Debug|Any CPU.Build.0 = Debug|Any CPU
		{438ADB7D-DB73-4EC6-9E5E-C7E413A96F75}.Release|Any CPU.ActiveCfg = Release|Any CPU
		{438ADB7D-DB73-4EC6-9E5E-C7E413A96F75}.Release|Any CPU.Build.0 = Release|Any CPU
		{E2601760-C7AC-46E3-A42B-1EE44A34723B}.Debug|Any CPU.ActiveCfg = Debug|Any CPU
		{E2601760-C7AC-46E3-A42B-1EE44A34723B}.Debug|Any CPU.Build.0 = Debug|Any CPU
		{E2601760-C7AC-46E3-A42B-1EE44A34723B}.Release|Any CPU.ActiveCfg = Release|Any CPU
		{E2601760-C7AC-46E3-A42B-1EE44A34723B}.Release|Any CPU.Build.0 = Release|Any CPU
	EndGlobalSection
	GlobalSection(SolutionProperties) = preSolution
		HideSolutionNode = FALSE
	EndGlobalSection
EndGlobal
